
Microsoft Visual Studio Solution File, Format Version 12.00
# Visual Studio Version 17
VisualStudioVersion = 17.0.31903.59
MinimumVisualStudioVersion = 10.0.40219.1
Project("{2150E333-8FDC-42A3-9474-1A3956D46DE8}") = "src", "src", "{827E0CD3-B72D-47B6-A68D-7590B98EB39B}"
EndProject
Project("{FAE04EC0-301F-11D3-BF4B-00C04F79EFBC}") = "GreenTIP.Domain", "src\GreenTIP.Domain\GreenTIP.Domain.csproj", "{6D31A132-2649-4167-87E9-16B17DD95A73}"
EndProject
Project("{FAE04EC0-301F-11D3-BF4B-00C04F79EFBC}") = "GreenTIP.Application", "src\GreenTIP.Application\GreenTIP.Application.csproj", "{B8C814AF-7168-4A7F-93A1-67D80E08266A}"
EndProject
Project("{FAE04EC0-301F-11D3-BF4B-00C04F79EFBC}") = "GreenTIP.Infrastructure", "src\GreenTIP.Infrastructure\GreenTIP.Infrastructure.csproj", "{351867BD-B1CF-42A1-A25D-259AD3803573}"
EndProject
Project("{FAE04EC0-301F-11D3-BF4B-00C04F79EFBC}") = "GreenTIP.Api", "src\GreenTIP.Api\GreenTIP.Api.csproj", "{1DC214CB-F443-48EB-AAA0-87284069B750}"
EndProject
Project("{2150E333-8FDC-42A3-9474-1A3956D46DE8}") = "tests", "tests", "{0AB3BF05-4346-4AA6-1389-037BE0695223}"
EndProject
Project("{FAE04EC0-301F-11D3-BF4B-00C04F79EFBC}") = "GreenTIP.Infrastructure.Tests", "tests\GreenTIP.Infrastructure.Tests\GreenTIP.Infrastructure.Tests.csproj", "{D6C713FE-B14A-48CB-A6CC-E8AA3C55DF71}"
EndProject
Global
	GlobalSection(SolutionConfigurationPlatforms) = preSolution
		Debug|Any CPU = Debug|Any CPU
		Debug|x64 = Debug|x64
		Debug|x86 = Debug|x86
		Release|Any CPU = Release|Any CPU
		Release|x64 = Release|x64
		Release|x86 = Release|x86
	EndGlobalSection
	GlobalSection(ProjectConfigurationPlatforms) = postSolution
		{6D31A132-2649-4167-87E9-16B17DD95A73}.Debug|Any CPU.ActiveCfg = Debug|Any CPU
		{6D31A132-2649-4167-87E9-16B17DD95A73}.Debug|Any CPU.Build.0 = Debug|Any CPU
		{6D31A132-2649-4167-87E9-16B17DD95A73}.Debug|x64.ActiveCfg = Debug|Any CPU
		{6D31A132-2649-4167-87E9-16B17DD95A73}.Debug|x64.Build.0 = Debug|Any CPU
		{6D31A132-2649-4167-87E9-16B17DD95A73}.Debug|x86.ActiveCfg = Debug|Any CPU
		{6D31A132-2649-4167-87E9-16B17DD95A73}.Debug|x86.Build.0 = Debug|Any CPU
		{6D31A132-2649-4167-87E9-16B17DD95A73}.Release|Any CPU.ActiveCfg = Release|Any CPU
		{6D31A132-2649-4167-87E9-16B17DD95A73}.Release|Any CPU.Build.0 = Release|Any CPU
		{6D31A132-2649-4167-87E9-16B17DD95A73}.Release|x64.ActiveCfg = Release|Any CPU
		{6D31A132-2649-4167-87E9-16B17DD95A73}.Release|x64.Build.0 = Release|Any CPU
		{6D31A132-2649-4167-87E9-16B17DD95A73}.Release|x86.ActiveCfg = Release|Any CPU
		{6D31A132-2649-4167-87E9-16B17DD95A73}.Release|x86.Build.0 = Release|Any CPU
		{B8C814AF-7168-4A7F-93A1-67D80E08266A}.Debug|Any CPU.ActiveCfg = Debug|Any CPU
		{B8C814AF-7168-4A7F-93A1-67D80E08266A}.Debug|Any CPU.Build.0 = Debug|Any CPU
		{B8C814AF-7168-4A7F-93A1-67D80E08266A}.Debug|x64.ActiveCfg = Debug|Any CPU
		{B8C814AF-7168-4A7F-93A1-67D80E08266A}.Debug|x64.Build.0 = Debug|Any CPU
		{B8C814AF-7168-4A7F-93A1-67D80E08266A}.Debug|x86.ActiveCfg = Debug|Any CPU
		{B8C814AF-7168-4A7F-93A1-67D80E08266A}.Debug|x86.Build.0 = Debug|Any CPU
		{B8C814AF-7168-4A7F-93A1-67D80E08266A}.Release|Any CPU.ActiveCfg = Release|Any CPU
		{B8C814AF-7168-4A7F-93A1-67D80E08266A}.Release|Any CPU.Build.0 = Release|Any CPU
		{B8C814AF-7168-4A7F-93A1-67D80E08266A}.Release|x64.ActiveCfg = Release|Any CPU
		{B8C814AF-7168-4A7F-93A1-67D80E08266A}.Release|x64.Build.0 = Release|Any CPU
		{B8C814AF-7168-4A7F-93A1-67D80E08266A}.Release|x86.ActiveCfg = Release|Any CPU
		{B8C814AF-7168-4A7F-93A1-67D80E08266A}.Release|x86.Build.0 = Release|Any CPU
		{351867BD-B1CF-42A1-A25D-259AD3803573}.Debug|Any CPU.ActiveCfg = Debug|Any CPU
		{351867BD-B1CF-42A1-A25D-259AD3803573}.Debug|Any CPU.Build.0 = Debug|Any CPU
		{351867BD-B1CF-42A1-A25D-259AD3803573}.Debug|x64.ActiveCfg = Debug|Any CPU
		{351867BD-B1CF-42A1-A25D-259AD3803573}.Debug|x64.Build.0 = Debug|Any CPU
		{351867BD-B1CF-42A1-A25D-259AD3803573}.Debug|x86.ActiveCfg = Debug|Any CPU
		{351867BD-B1CF-42A1-A25D-259AD3803573}.Debug|x86.Build.0 = Debug|Any CPU
		{351867BD-B1CF-42A1-A25D-259AD3803573}.Release|Any CPU.ActiveCfg = Release|Any CPU
		{351867BD-B1CF-42A1-A25D-259AD3803573}.Release|Any CPU.Build.0 = Release|Any CPU
		{351867BD-B1CF-42A1-A25D-259AD3803573}.Release|x64.ActiveCfg = Release|Any CPU
		{351867BD-B1CF-42A1-A25D-259AD3803573}.Release|x64.Build.0 = Release|Any CPU
		{351867BD-B1CF-42A1-A25D-259AD3803573}.Release|x86.ActiveCfg = Release|Any CPU
		{351867BD-B1CF-42A1-A25D-259AD3803573}.Release|x86.Build.0 = Release|Any CPU
		{1DC214CB-F443-48EB-AAA0-87284069B750}.Debug|Any CPU.ActiveCfg = Debug|Any CPU
		{1DC214CB-F443-48EB-AAA0-87284069B750}.Debug|Any CPU.Build.0 = Debug|Any CPU
		{1DC214CB-F443-48EB-AAA0-87284069B750}.Debug|x64.ActiveCfg = Debug|Any CPU
		{1DC214CB-F443-48EB-AAA0-87284069B750}.Debug|x64.Build.0 = Debug|Any CPU
		{1DC214CB-F443-48EB-AAA0-87284069B750}.Debug|x86.ActiveCfg = Debug|Any CPU
		{1DC214CB-F443-48EB-AAA0-87284069B750}.Debug|x86.Build.0 = Debug|Any CPU
		{1DC214CB-F443-48EB-AAA0-87284069B750}.Release|Any CPU.ActiveCfg = Release|Any CPU
		{1DC214CB-F443-48EB-AAA0-87284069B750}.Release|Any CPU.Build.0 = Release|Any CPU
		{1DC214CB-F443-48EB-AAA0-87284069B750}.Release|x64.ActiveCfg = Release|Any CPU
		{1DC214CB-F443-48EB-AAA0-87284069B750}.Release|x64.Build.0 = Release|Any CPU
		{1DC214CB-F443-48EB-AAA0-87284069B750}.Release|x86.ActiveCfg = Release|Any CPU
		{1DC214CB-F443-48EB-AAA0-87284069B750}.Release|x86.Build.0 = Release|Any CPU
		{D6C713FE-B14A-48CB-A6CC-E8AA3C55DF71}.Debug|Any CPU.ActiveCfg = Debug|Any CPU
		{D6C713FE-B14A-48CB-A6CC-E8AA3C55DF71}.Debug|Any CPU.Build.0 = Debug|Any CPU
		{D6C713FE-B14A-48CB-A6CC-E8AA3C55DF71}.Debug|x64.ActiveCfg = Debug|Any CPU
		{D6C713FE-B14A-48CB-A6CC-E8AA3C55DF71}.Debug|x64.Build.0 = Debug|Any CPU
		{D6C713FE-B14A-48CB-A6CC-E8AA3C55DF71}.Debug|x86.ActiveCfg = Debug|Any CPU
		{D6C713FE-B14A-48CB-A6CC-E8AA3C55DF71}.Debug|x86.Build.0 = Debug|Any CPU
		{D6C713FE-B14A-48CB-A6CC-E8AA3C55DF71}.Release|Any CPU.ActiveCfg = Release|Any CPU
		{D6C713FE-B14A-48CB-A6CC-E8AA3C55DF71}.Release|Any CPU.Build.0 = Release|Any CPU
		{D6C713FE-B14A-48CB-A6CC-E8AA3C55DF71}.Release|x64.ActiveCfg = Release|Any CPU
		{D6C713FE-B14A-48CB-A6CC-E8AA3C55DF71}.Release|x64.Build.0 = Release|Any CPU
		{D6C713FE-B14A-48CB-A6CC-E8AA3C55DF71}.Release|x86.ActiveCfg = Release|Any CPU
		{D6C713FE-B14A-48CB-A6CC-E8AA3C55DF71}.Release|x86.Build.0 = Release|Any CPU
	EndGlobalSection
	GlobalSection(SolutionProperties) = preSolution
		HideSolutionNode = FALSE
	EndGlobalSection
	GlobalSection(NestedProjects) = preSolution
		{6D31A132-2649-4167-87E9-16B17DD95A73} = {827E0CD3-B72D-47B6-A68D-7590B98EB39B}
		{B8C814AF-7168-4A7F-93A1-67D80E08266A} = {827E0CD3-B72D-47B6-A68D-7590B98EB39B}
		{351867BD-B1CF-42A1-A25D-259AD3803573} = {827E0CD3-B72D-47B6-A68D-7590B98EB39B}
		{1DC214CB-F443-48EB-AAA0-87284069B750} = {827E0CD3-B72D-47B6-A68D-7590B98EB39B}
		{D6C713FE-B14A-48CB-A6CC-E8AA3C55DF71} = {0AB3BF05-4346-4AA6-1389-037BE0695223}
	EndGlobalSection
EndGlobal
